
Microsoft Visual Studio Solution File, Format Version 12.00
# Visual Studio Version 16
VisualStudioVersion = 16.0.31112.23
MinimumVisualStudioVersion = 10.0.40219.1
Project("{FAE04EC0-301F-11D3-BF4B-00C04F79EFBC}") = "TEST REG CLONE", "TEST REG CLONE.csproj", "{85B9D40F-67EE-4788-BC90-3E5C38D0CB56}"
EndProject
Global
	GlobalSection(SolutionConfigurationPlatforms) = preSolution
		Debug|Any CPU = Debug|Any CPU
		Release|Any CPU = Release|Any CPU
	EndGlobalSection
	GlobalSection(ProjectConfigurationPlatforms) = postSolution
		{85B9D40F-67EE-4788-BC90-3E5C38D0CB56}.Debug|Any CPU.ActiveCfg = Debug|Any CPU
		{85B9D40F-67EE-4788-BC90-3E5C38D0CB56}.Debug|Any CPU.Build.0 = Debug|Any CPU
		{85B9D40F-67EE-4788-BC90-3E5C38D0CB56}.Release|Any CPU.ActiveCfg = Release|Any CPU
		{85B9D40F-67EE-4788-BC90-3E5C38D0CB56}.Release|Any CPU.Build.0 = Release|Any CPU
	EndGlobalSection
	GlobalSection(SolutionProperties) = preSolution
		HideSolutionNode = FALSE
	EndGlobalSection
	GlobalSection(ExtensibilityGlobals) = postSolution
		SolutionGuid = {3777E777-90B4-4790-ADF6-D9E26EF54EF0}
	EndGlobalSection
EndGlobal
